
Microsoft Visual Studio Solution File, Format Version 12.00
# Visual Studio Version 16
VisualStudioVersion = 16.0.29609.76
MinimumVisualStudioVersion = 10.0.40219.1
Project("{FAE04EC0-301F-11D3-BF4B-00C04F79EFBC}") = "TestInfoReactApp", "TestInfoReactApp\TestInfoReactApp.csproj", "{98DD0660-BC2C-4A7F-9AB2-6AAFAC099EBD}"
EndProject
Global
	GlobalSection(SolutionConfigurationPlatforms) = preSolution
		Debug|Any CPU = Debug|Any CPU
		Release|Any CPU = Release|Any CPU
	EndGlobalSection
	GlobalSection(ProjectConfigurationPlatforms) = postSolution
		{98DD0660-BC2C-4A7F-9AB2-6AAFAC099EBD}.Debug|Any CPU.ActiveCfg = Debug|Any CPU
		{98DD0660-BC2C-4A7F-9AB2-6AAFAC099EBD}.Debug|Any CPU.Build.0 = Debug|Any CPU
		{98DD0660-BC2C-4A7F-9AB2-6AAFAC099EBD}.Release|Any CPU.ActiveCfg = Release|Any CPU
		{98DD0660-BC2C-4A7F-9AB2-6AAFAC099EBD}.Release|Any CPU.Build.0 = Release|Any CPU
	EndGlobalSection
	GlobalSection(SolutionProperties) = preSolution
		HideSolutionNode = FALSE
	EndGlobalSection
	GlobalSection(ExtensibilityGlobals) = postSolution
		SolutionGuid = {7CBE94C4-3E85-4ACA-9ED3-3C33DCBDAB4C}
	EndGlobalSection
EndGlobal
